<?xml version="1.0" encoding="utf-8"?>
<Project ToolsVersion="4.0" xmlns="http://schemas.microsoft.com/developer/msbuild/2003">
  <ItemGroup>
    <Filter Include="Source Files">
      <UniqueIdentifier>{4FC737F1-C7A5-4376-A066-2A32D752A2FF}</UniqueIdentifier>
      <Extensions>cpp;c;cc;cxx;def;odl;idl;hpj;bat;asm;asmx</Extensions>
    </Filter>
    <Filter Include="Header Files">
      <UniqueIdentifier>{93995380-89BD-4b04-88EB-625FBE52EBFB}</UniqueIdentifier>
      <Extensions>h;hpp;hxx;hm;inl;inc;xsd</Extensions>
    </Filter>
    <Filter Include="Resource Files">
      <UniqueIdentifier>{67DA6AB6-F800-4c08-8B7A-83BB121AAD01}</UniqueIdentifier>
      <Extensions>rc;ico;cur;bmp;dlg;rc2;rct;bin;rgs;gif;jpg;jpeg;jpe;resx;tiff;tif;png;wav;mfcribbon-ms</Extensions>
    </Filter>
    <Filter Include="include">
      <UniqueIdentifier>{21191fb2-4809-4ab1-b43e-2c7d1cbaf6e3}</UniqueIdentifier>
    </Filter>
    <Filter Include="source">
      <UniqueIdentifier>{25214b3d-fdc3-4d7e-a623-b40c1bb49ae6}</UniqueIdentifier>
    </Filter>
    <Filter Include="source\exceptions">
      <UniqueIdentifier>{6593f393-6ba9-4ef4-a75e-8f18e04d4fa7}</UniqueIdentifier>
    </Filter>
    <Filter Include="source\IniReader">
      <UniqueIdentifier>{7ad83194-53fa-41da-92a4-cc516f060f1c}</UniqueIdentifier>
    </Filter>
  </ItemGroup>
  <ItemGroup>
    <None Include="ReadMe.txt" />
  </ItemGroup>
  <ItemGroup>
    <ClInclude Include="stdafx.h">
      <Filter>Header Files</Filter>
    </ClInclude>
    <ClInclude Include="targetver.h">
      <Filter>Header Files</Filter>
    </ClInclude>
    <ClInclude Include="CppTestUtils.h">
      <Filter>Header Files</Filter>
    </ClInclude>
    <ClInclude Include="include\CrossPlatform.h">
      <Filter>include</Filter>
    </ClInclude>
    <ClInclude Include="include\mr_char.h">
      <Filter>include</Filter>
    </ClInclude>
    <ClInclude Include="include\mr_defines.h">
      <Filter>include</Filter>
    </ClInclude>
    <ClInclude Include="include\mr_doCompare.h">
      <Filter>include</Filter>
    </ClInclude>
    <ClInclude Include="include\mr_exception.h">
      <Filter>include</Filter>
    </ClInclude>
    <ClInclude Include="include\mr_fileException.h">
      <Filter>include</Filter>
    </ClInclude>
    <ClInclude Include="include\mr_fstream.h">
      <Filter>include</Filter>
    </ClInclude>
    <ClInclude Include="include\mr_functors.h">
      <Filter>include</Filter>
    </ClInclude>
    <ClInclude Include="include\mr_iostream.h">
      <Filter>include</Filter>
    </ClInclude>
    <ClInclude Include="include\mr_pointerException.h">
      <Filter>include</Filter>
    </ClInclude>
    <ClInclude Include="include\mr_SharedPtr.h">
      <Filter>include</Filter>
    </ClInclude>
    <ClInclude Include="include\mr_singleton.h">
      <Filter>include</Filter>
    </ClInclude>
    <ClInclude Include="include\mr_sstream.h">
      <Filter>include</Filter>
    </ClInclude>
    <ClInclude Include="include\mr_staticTimer.h">
      <Filter>include</Filter>
    </ClInclude>
    <ClInclude Include="include\mr_string.h">
      <Filter>include</Filter>
    </ClInclude>
    <ClInclude Include="include\mr_toStream.h">
      <Filter>include</Filter>
    </ClInclude>
    <ClInclude Include="include\mr_ini_file.h">
      <Filter>include</Filter>
    </ClInclude>
    <ClInclude Include="include\mr_ini_node.h">
      <Filter>include</Filter>
    </ClInclude>
    <ClInclude Include="include\mr_ini_section.h">
      <Filter>include</Filter>
    </ClInclude>
    <ClInclude Include="include\mr_iniInputLine.h">
      <Filter>include</Filter>
    </ClInclude>
  </ItemGroup>
  <ItemGroup>
    <ClCompile Include="stdafx.cpp">
      <Filter>Source Files</Filter>
    </ClCompile>
    <ClCompile Include="CppTestUtils.cpp">
      <Filter>Source Files</Filter>
    </ClCompile>
    <ClCompile Include="dllmain.cpp">
      <Filter>Source Files</Filter>
    </ClCompile>
    <ClCompile Include="source\mr_exception.cpp">
      <Filter>source</Filter>
    </ClCompile>
    <ClCompile Include="source\mr_singleton.cpp">
      <Filter>source</Filter>
    </ClCompile>
    <ClCompile Include="source\mr_sstream.cpp">
      <Filter>source</Filter>
    </ClCompile>
    <ClCompile Include="source\mr_staticTimer.cpp">
      <Filter>source</Filter>
    </ClCompile>
    <ClCompile Include="source\mr_string.cpp">
      <Filter>source</Filter>
    </ClCompile>
    <ClCompile Include="source\exceptions\mr_fileException.cpp">
      <Filter>source\exceptions</Filter>
    </ClCompile>
    <ClCompile Include="source\exceptions\mr_pointerException.cpp">
      <Filter>source\exceptions</Filter>
    </ClCompile>
    <ClCompile Include="source\IniReader\mr_ini_file.cpp">
      <Filter>source\IniReader</Filter>
    </ClCompile>
    <ClCompile Include="source\IniReader\mr_ini_node.cpp">
      <Filter>source\IniReader</Filter>
    </ClCompile>
    <ClCompile Include="source\IniReader\mr_ini_section.cpp">
      <Filter>source\IniReader</Filter>
    </ClCompile>
    <ClCompile Include="source\IniReader\mr_iniInputLine.cpp">
      <Filter>source\IniReader</Filter>
    </ClCompile>
  </ItemGroup>
</Project>