
Microsoft Visual Studio Solution File, Format Version 11.00
# Visual C++ Express 2010
Project("{8BC9CEB8-8B4A-11D0-8D11-00A0C91BC942}") = "CppTest", "CppTest\CppTest.vcxproj", "{849C805B-30EC-425B-98EA-5E3D57416332}"
	ProjectSection(ProjectDependencies) = postProject
		{BB795E76-4033-411F-9E15-7C4319194D0B} = {BB795E76-4033-411F-9E15-7C4319194D0B}
	EndProjectSection
EndProject
Project("{8BC9CEB8-8B4A-11D0-8D11-00A0C91BC942}") = "MrTestConsoleRunner", "CppTestDevConsole\CppTestDevConsole.vcxproj", "{13A5454F-566B-445C-8F5F-6DC70048B66D}"
	ProjectSection(ProjectDependencies) = postProject
		{849C805B-30EC-425B-98EA-5E3D57416332} = {849C805B-30EC-425B-98EA-5E3D57416332}
		{BB795E76-4033-411F-9E15-7C4319194D0B} = {BB795E76-4033-411F-9E15-7C4319194D0B}
	EndProjectSection
EndProject
Project("{8BC9CEB8-8B4A-11D0-8D11-00A0C91BC942}") = "CppTestUtils", "CppTestUtils\CppTestUtils.vcxproj", "{BB795E76-4033-411F-9E15-7C4319194D0B}"
EndProject
Project("{8BC9CEB8-8B4A-11D0-8D11-00A0C91BC942}") = "CppTestUtilsTestCases", "CppTestUtilsTestCases\CppTestUtilsTestCases.vcxproj", "{3B985619-39D5-448C-AEC2-6AB7265A5334}"
EndProject
Project("{8BC9CEB8-8B4A-11D0-8D11-00A0C91BC942}") = "MrTestGuiRunner", "MrTestGuiRunner\MrTestGuiRunner.vcxproj", "{CD197898-F058-452C-BBAF-063113686F2E}"
	ProjectSection(ProjectDependencies) = postProject
		{849C805B-30EC-425B-98EA-5E3D57416332} = {849C805B-30EC-425B-98EA-5E3D57416332}
		{BB795E76-4033-411F-9E15-7C4319194D0B} = {BB795E76-4033-411F-9E15-7C4319194D0B}
	EndProjectSection
EndProject
Global
	GlobalSection(SolutionConfigurationPlatforms) = preSolution
		Debug_VC2010|Win32 = Debug_VC2010|Win32
		Debug_VC2010-UNICODE|Win32 = Debug_VC2010-UNICODE|Win32
		Debug|Win32 = Debug|Win32
		Release_VC2010|Win32 = Release_VC2010|Win32
		Release_VC2010-UNICODE|Win32 = Release_VC2010-UNICODE|Win32
		Release|Win32 = Release|Win32
	EndGlobalSection
	GlobalSection(ProjectConfigurationPlatforms) = postSolution
		{849C805B-30EC-425B-98EA-5E3D57416332}.Debug_VC2010|Win32.ActiveCfg = Debug|Win32
		{849C805B-30EC-425B-98EA-5E3D57416332}.Debug_VC2010|Win32.Build.0 = Debug|Win32
		{849C805B-30EC-425B-98EA-5E3D57416332}.Debug_VC2010-UNICODE|Win32.ActiveCfg = Debug|Win32
		{849C805B-30EC-425B-98EA-5E3D57416332}.Debug_VC2010-UNICODE|Win32.Build.0 = Debug|Win32
		{849C805B-30EC-425B-98EA-5E3D57416332}.Debug|Win32.ActiveCfg = Debug|Win32
		{849C805B-30EC-425B-98EA-5E3D57416332}.Debug|Win32.Build.0 = Debug|Win32
		{849C805B-30EC-425B-98EA-5E3D57416332}.Release_VC2010|Win32.ActiveCfg = Release|Win32
		{849C805B-30EC-425B-98EA-5E3D57416332}.Release_VC2010|Win32.Build.0 = Release|Win32
		{849C805B-30EC-425B-98EA-5E3D57416332}.Release_VC2010-UNICODE|Win32.ActiveCfg = Release|Win32
		{849C805B-30EC-425B-98EA-5E3D57416332}.Release_VC2010-UNICODE|Win32.Build.0 = Release|Win32
		{849C805B-30EC-425B-98EA-5E3D57416332}.Release|Win32.ActiveCfg = Release|Win32
		{849C805B-30EC-425B-98EA-5E3D57416332}.Release|Win32.Build.0 = Release|Win32
		{13A5454F-566B-445C-8F5F-6DC70048B66D}.Debug_VC2010|Win32.ActiveCfg = Debug|Win32
		{13A5454F-566B-445C-8F5F-6DC70048B66D}.Debug_VC2010|Win32.Build.0 = Debug|Win32
		{13A5454F-566B-445C-8F5F-6DC70048B66D}.Debug_VC2010-UNICODE|Win32.ActiveCfg = Debug|Win32
		{13A5454F-566B-445C-8F5F-6DC70048B66D}.Debug_VC2010-UNICODE|Win32.Build.0 = Debug|Win32
		{13A5454F-566B-445C-8F5F-6DC70048B66D}.Debug|Win32.ActiveCfg = Debug|Win32
		{13A5454F-566B-445C-8F5F-6DC70048B66D}.Debug|Win32.Build.0 = Debug|Win32
		{13A5454F-566B-445C-8F5F-6DC70048B66D}.Release_VC2010|Win32.ActiveCfg = Release|Win32
		{13A5454F-566B-445C-8F5F-6DC70048B66D}.Release_VC2010|Win32.Build.0 = Release|Win32
		{13A5454F-566B-445C-8F5F-6DC70048B66D}.Release_VC2010-UNICODE|Win32.ActiveCfg = Release|Win32
		{13A5454F-566B-445C-8F5F-6DC70048B66D}.Release_VC2010-UNICODE|Win32.Build.0 = Release|Win32
		{13A5454F-566B-445C-8F5F-6DC70048B66D}.Release|Win32.ActiveCfg = Release|Win32
		{13A5454F-566B-445C-8F5F-6DC70048B66D}.Release|Win32.Build.0 = Release|Win32
		{BB795E76-4033-411F-9E15-7C4319194D0B}.Debug_VC2010|Win32.ActiveCfg = Debug|Win32
		{BB795E76-4033-411F-9E15-7C4319194D0B}.Debug_VC2010|Win32.Build.0 = Debug|Win32
		{BB795E76-4033-411F-9E15-7C4319194D0B}.Debug_VC2010-UNICODE|Win32.ActiveCfg = Debug|Win32
		{BB795E76-4033-411F-9E15-7C4319194D0B}.Debug_VC2010-UNICODE|Win32.Build.0 = Debug|Win32
		{BB795E76-4033-411F-9E15-7C4319194D0B}.Debug|Win32.ActiveCfg = Debug|Win32
		{BB795E76-4033-411F-9E15-7C4319194D0B}.Debug|Win32.Build.0 = Debug|Win32
		{BB795E76-4033-411F-9E15-7C4319194D0B}.Release_VC2010|Win32.ActiveCfg = Release|Win32
		{BB795E76-4033-411F-9E15-7C4319194D0B}.Release_VC2010|Win32.Build.0 = Release|Win32
		{BB795E76-4033-411F-9E15-7C4319194D0B}.Release_VC2010-UNICODE|Win32.ActiveCfg = Release|Win32
		{BB795E76-4033-411F-9E15-7C4319194D0B}.Release_VC2010-UNICODE|Win32.Build.0 = Release|Win32
		{BB795E76-4033-411F-9E15-7C4319194D0B}.Release|Win32.ActiveCfg = Release|Win32
		{BB795E76-4033-411F-9E15-7C4319194D0B}.Release|Win32.Build.0 = Release|Win32
		{3B985619-39D5-448C-AEC2-6AB7265A5334}.Debug_VC2010|Win32.ActiveCfg = Debug|Win32
		{3B985619-39D5-448C-AEC2-6AB7265A5334}.Debug_VC2010|Win32.Build.0 = Debug|Win32
		{3B985619-39D5-448C-AEC2-6AB7265A5334}.Debug_VC2010-UNICODE|Win32.ActiveCfg = Debug|Win32
		{3B985619-39D5-448C-AEC2-6AB7265A5334}.Debug_VC2010-UNICODE|Win32.Build.0 = Debug|Win32
		{3B985619-39D5-448C-AEC2-6AB7265A5334}.Debug|Win32.ActiveCfg = Debug|Win32
		{3B985619-39D5-448C-AEC2-6AB7265A5334}.Debug|Win32.Build.0 = Debug|Win32
		{3B985619-39D5-448C-AEC2-6AB7265A5334}.Release_VC2010|Win32.ActiveCfg = Release|Win32
		{3B985619-39D5-448C-AEC2-6AB7265A5334}.Release_VC2010|Win32.Build.0 = Release|Win32
		{3B985619-39D5-448C-AEC2-6AB7265A5334}.Release_VC2010-UNICODE|Win32.ActiveCfg = Release|Win32
		{3B985619-39D5-448C-AEC2-6AB7265A5334}.Release_VC2010-UNICODE|Win32.Build.0 = Release|Win32
		{3B985619-39D5-448C-AEC2-6AB7265A5334}.Release|Win32.ActiveCfg = Release|Win32
		{3B985619-39D5-448C-AEC2-6AB7265A5334}.Release|Win32.Build.0 = Release|Win32
		{CD197898-F058-452C-BBAF-063113686F2E}.Debug_VC2010|Win32.ActiveCfg = Debug|Win32
		{CD197898-F058-452C-BBAF-063113686F2E}.Debug_VC2010|Win32.Build.0 = Debug|Win32
		{CD197898-F058-452C-BBAF-063113686F2E}.Debug_VC2010-UNICODE|Win32.ActiveCfg = Debug|Win32
		{CD197898-F058-452C-BBAF-063113686F2E}.Debug_VC2010-UNICODE|Win32.Build.0 = Debug|Win32
		{CD197898-F058-452C-BBAF-063113686F2E}.Debug|Win32.ActiveCfg = Debug|Win32
		{CD197898-F058-452C-BBAF-063113686F2E}.Debug|Win32.Build.0 = Debug|Win32
		{CD197898-F058-452C-BBAF-063113686F2E}.Release_VC2010|Win32.ActiveCfg = Release|Win32
		{CD197898-F058-452C-BBAF-063113686F2E}.Release_VC2010|Win32.Build.0 = Release|Win32
		{CD197898-F058-452C-BBAF-063113686F2E}.Release_VC2010-UNICODE|Win32.ActiveCfg = Release|Win32
		{CD197898-F058-452C-BBAF-063113686F2E}.Release_VC2010-UNICODE|Win32.Build.0 = Release|Win32
		{CD197898-F058-452C-BBAF-063113686F2E}.Release|Win32.ActiveCfg = Release|Win32
		{CD197898-F058-452C-BBAF-063113686F2E}.Release|Win32.Build.0 = Release|Win32
	EndGlobalSection
	GlobalSection(SolutionProperties) = preSolution
		HideSolutionNode = FALSE
	EndGlobalSection
EndGlobal
