
Microsoft Visual Studio Solution File, Format Version 11.00
# Visual C++ Express 2010
Project("{8BC9CEB8-8B4A-11D0-8D11-00A0C91BC942}") = "MrTestGuiRunner", "MrTestGuiRunner\MrTestGuiRunner.vcxproj", "{CD197898-F058-452C-BBAF-063113686F2E}"
	ProjectSection(ProjectDependencies) = postProject
		{5D087129-5CAC-4A39-95BB-BE4A2DA970E4} = {5D087129-5CAC-4A39-95BB-BE4A2DA970E4}
		{1DCFF28A-C933-49FC-B256-8EBE6349CB0C} = {1DCFF28A-C933-49FC-B256-8EBE6349CB0C}
	EndProjectSection
EndProject
Project("{8BC9CEB8-8B4A-11D0-8D11-00A0C91BC942}") = "MrTest", "CppTest\MrTest.vcxproj", "{1DCFF28A-C933-49FC-B256-8EBE6349CB0C}"
	ProjectSection(ProjectDependencies) = postProject
		{5D087129-5CAC-4A39-95BB-BE4A2DA970E4} = {5D087129-5CAC-4A39-95BB-BE4A2DA970E4}
	EndProjectSection
EndProject
Project("{8BC9CEB8-8B4A-11D0-8D11-00A0C91BC942}") = "MrTestConsoleRunner", "CppTestDevConsole\MrTestConsoleRunner.vcxproj", "{55957BE2-90CF-472D-86F1-0E5C4C34F2E6}"
	ProjectSection(ProjectDependencies) = postProject
		{5D087129-5CAC-4A39-95BB-BE4A2DA970E4} = {5D087129-5CAC-4A39-95BB-BE4A2DA970E4}
		{1DCFF28A-C933-49FC-B256-8EBE6349CB0C} = {1DCFF28A-C933-49FC-B256-8EBE6349CB0C}
	EndProjectSection
EndProject
Project("{8BC9CEB8-8B4A-11D0-8D11-00A0C91BC942}") = "MrTestUtils", "CppTestUtils\MrTestUtils.vcxproj", "{5D087129-5CAC-4A39-95BB-BE4A2DA970E4}"
EndProject
Project("{8BC9CEB8-8B4A-11D0-8D11-00A0C91BC942}") = "MrTestUtilsTestCases", "CppTestUtilsTestCases\MrTestUtilsTestCases.vcxproj", "{2C60B974-4E4F-40C5-81BC-F84C38A874B5}"
EndProject
Global
	GlobalSection(SolutionConfigurationPlatforms) = preSolution
		Debug_VC2010|Win32 = Debug_VC2010|Win32
		Debug_VC2010-UNICODE|Win32 = Debug_VC2010-UNICODE|Win32
		Debug|Win32 = Debug|Win32
		Release_VC2010|Win32 = Release_VC2010|Win32
		Release_VC2010-UNICODE|Win32 = Release_VC2010-UNICODE|Win32
		Release|Win32 = Release|Win32
	EndGlobalSection
	GlobalSection(ProjectConfigurationPlatforms) = postSolution
		{CD197898-F058-452C-BBAF-063113686F2E}.Debug_VC2010|Win32.ActiveCfg = Debug|Win32
		{CD197898-F058-452C-BBAF-063113686F2E}.Debug_VC2010|Win32.Build.0 = Debug|Win32
		{CD197898-F058-452C-BBAF-063113686F2E}.Debug_VC2010-UNICODE|Win32.ActiveCfg = Debug|Win32
		{CD197898-F058-452C-BBAF-063113686F2E}.Debug_VC2010-UNICODE|Win32.Build.0 = Debug|Win32
		{CD197898-F058-452C-BBAF-063113686F2E}.Debug|Win32.ActiveCfg = Debug|Win32
		{CD197898-F058-452C-BBAF-063113686F2E}.Debug|Win32.Build.0 = Debug|Win32
		{CD197898-F058-452C-BBAF-063113686F2E}.Release_VC2010|Win32.ActiveCfg = Release|Win32
		{CD197898-F058-452C-BBAF-063113686F2E}.Release_VC2010|Win32.Build.0 = Release|Win32
		{CD197898-F058-452C-BBAF-063113686F2E}.Release_VC2010-UNICODE|Win32.ActiveCfg = Release|Win32
		{CD197898-F058-452C-BBAF-063113686F2E}.Release_VC2010-UNICODE|Win32.Build.0 = Release|Win32
		{CD197898-F058-452C-BBAF-063113686F2E}.Release|Win32.ActiveCfg = Release|Win32
		{CD197898-F058-452C-BBAF-063113686F2E}.Release|Win32.Build.0 = Release|Win32
		{1DCFF28A-C933-49FC-B256-8EBE6349CB0C}.Debug_VC2010|Win32.ActiveCfg = Debug|Win32
		{1DCFF28A-C933-49FC-B256-8EBE6349CB0C}.Debug_VC2010|Win32.Build.0 = Debug|Win32
		{1DCFF28A-C933-49FC-B256-8EBE6349CB0C}.Debug_VC2010-UNICODE|Win32.ActiveCfg = Debug|Win32
		{1DCFF28A-C933-49FC-B256-8EBE6349CB0C}.Debug_VC2010-UNICODE|Win32.Build.0 = Debug|Win32
		{1DCFF28A-C933-49FC-B256-8EBE6349CB0C}.Debug|Win32.ActiveCfg = Debug|Win32
		{1DCFF28A-C933-49FC-B256-8EBE6349CB0C}.Debug|Win32.Build.0 = Debug|Win32
		{1DCFF28A-C933-49FC-B256-8EBE6349CB0C}.Release_VC2010|Win32.ActiveCfg = Release|Win32
		{1DCFF28A-C933-49FC-B256-8EBE6349CB0C}.Release_VC2010|Win32.Build.0 = Release|Win32
		{1DCFF28A-C933-49FC-B256-8EBE6349CB0C}.Release_VC2010-UNICODE|Win32.ActiveCfg = Release|Win32
		{1DCFF28A-C933-49FC-B256-8EBE6349CB0C}.Release_VC2010-UNICODE|Win32.Build.0 = Release|Win32
		{1DCFF28A-C933-49FC-B256-8EBE6349CB0C}.Release|Win32.ActiveCfg = Release|Win32
		{1DCFF28A-C933-49FC-B256-8EBE6349CB0C}.Release|Win32.Build.0 = Release|Win32
		{55957BE2-90CF-472D-86F1-0E5C4C34F2E6}.Debug_VC2010|Win32.ActiveCfg = Debug|Win32
		{55957BE2-90CF-472D-86F1-0E5C4C34F2E6}.Debug_VC2010|Win32.Build.0 = Debug|Win32
		{55957BE2-90CF-472D-86F1-0E5C4C34F2E6}.Debug_VC2010-UNICODE|Win32.ActiveCfg = Debug|Win32
		{55957BE2-90CF-472D-86F1-0E5C4C34F2E6}.Debug_VC2010-UNICODE|Win32.Build.0 = Debug|Win32
		{55957BE2-90CF-472D-86F1-0E5C4C34F2E6}.Debug|Win32.ActiveCfg = Debug|Win32
		{55957BE2-90CF-472D-86F1-0E5C4C34F2E6}.Debug|Win32.Build.0 = Debug|Win32
		{55957BE2-90CF-472D-86F1-0E5C4C34F2E6}.Release_VC2010|Win32.ActiveCfg = Release|Win32
		{55957BE2-90CF-472D-86F1-0E5C4C34F2E6}.Release_VC2010|Win32.Build.0 = Release|Win32
		{55957BE2-90CF-472D-86F1-0E5C4C34F2E6}.Release_VC2010-UNICODE|Win32.ActiveCfg = Release|Win32
		{55957BE2-90CF-472D-86F1-0E5C4C34F2E6}.Release_VC2010-UNICODE|Win32.Build.0 = Release|Win32
		{55957BE2-90CF-472D-86F1-0E5C4C34F2E6}.Release|Win32.ActiveCfg = Release|Win32
		{55957BE2-90CF-472D-86F1-0E5C4C34F2E6}.Release|Win32.Build.0 = Release|Win32
		{5D087129-5CAC-4A39-95BB-BE4A2DA970E4}.Debug_VC2010|Win32.ActiveCfg = Debug|Win32
		{5D087129-5CAC-4A39-95BB-BE4A2DA970E4}.Debug_VC2010|Win32.Build.0 = Debug|Win32
		{5D087129-5CAC-4A39-95BB-BE4A2DA970E4}.Debug_VC2010-UNICODE|Win32.ActiveCfg = Debug|Win32
		{5D087129-5CAC-4A39-95BB-BE4A2DA970E4}.Debug_VC2010-UNICODE|Win32.Build.0 = Debug|Win32
		{5D087129-5CAC-4A39-95BB-BE4A2DA970E4}.Debug|Win32.ActiveCfg = Debug|Win32
		{5D087129-5CAC-4A39-95BB-BE4A2DA970E4}.Debug|Win32.Build.0 = Debug|Win32
		{5D087129-5CAC-4A39-95BB-BE4A2DA970E4}.Release_VC2010|Win32.ActiveCfg = Release|Win32
		{5D087129-5CAC-4A39-95BB-BE4A2DA970E4}.Release_VC2010|Win32.Build.0 = Release|Win32
		{5D087129-5CAC-4A39-95BB-BE4A2DA970E4}.Release_VC2010-UNICODE|Win32.ActiveCfg = Release|Win32
		{5D087129-5CAC-4A39-95BB-BE4A2DA970E4}.Release_VC2010-UNICODE|Win32.Build.0 = Release|Win32
		{5D087129-5CAC-4A39-95BB-BE4A2DA970E4}.Release|Win32.ActiveCfg = Release|Win32
		{5D087129-5CAC-4A39-95BB-BE4A2DA970E4}.Release|Win32.Build.0 = Release|Win32
		{2C60B974-4E4F-40C5-81BC-F84C38A874B5}.Debug_VC2010|Win32.ActiveCfg = Debug|Win32
		{2C60B974-4E4F-40C5-81BC-F84C38A874B5}.Debug_VC2010|Win32.Build.0 = Debug|Win32
		{2C60B974-4E4F-40C5-81BC-F84C38A874B5}.Debug_VC2010-UNICODE|Win32.ActiveCfg = Debug|Win32
		{2C60B974-4E4F-40C5-81BC-F84C38A874B5}.Debug_VC2010-UNICODE|Win32.Build.0 = Debug|Win32
		{2C60B974-4E4F-40C5-81BC-F84C38A874B5}.Debug|Win32.ActiveCfg = Debug|Win32
		{2C60B974-4E4F-40C5-81BC-F84C38A874B5}.Debug|Win32.Build.0 = Debug|Win32
		{2C60B974-4E4F-40C5-81BC-F84C38A874B5}.Release_VC2010|Win32.ActiveCfg = Release|Win32
		{2C60B974-4E4F-40C5-81BC-F84C38A874B5}.Release_VC2010|Win32.Build.0 = Release|Win32
		{2C60B974-4E4F-40C5-81BC-F84C38A874B5}.Release_VC2010-UNICODE|Win32.ActiveCfg = Release|Win32
		{2C60B974-4E4F-40C5-81BC-F84C38A874B5}.Release_VC2010-UNICODE|Win32.Build.0 = Release|Win32
		{2C60B974-4E4F-40C5-81BC-F84C38A874B5}.Release|Win32.ActiveCfg = Release|Win32
		{2C60B974-4E4F-40C5-81BC-F84C38A874B5}.Release|Win32.Build.0 = Release|Win32
	EndGlobalSection
	GlobalSection(SolutionProperties) = preSolution
		HideSolutionNode = FALSE
	EndGlobalSection
EndGlobal
