<?xml version="1.0" encoding="utf-8"?>
<Project ToolsVersion="4.0" xmlns="http://schemas.microsoft.com/developer/msbuild/2003">
  <ItemGroup>
    <Filter Include="include">
      <UniqueIdentifier>{f4b7b25a-1806-4706-bb05-e9bf686619f4}</UniqueIdentifier>
    </Filter>
    <Filter Include="Win">
      <UniqueIdentifier>{f16ea2a6-fb06-459c-8b56-90f3c9be8d3b}</UniqueIdentifier>
    </Filter>
    <Filter Include="Core">
      <UniqueIdentifier>{573cad6b-a142-4b85-965e-dc90bbb6ccbb}</UniqueIdentifier>
    </Filter>
    <Filter Include="Exceptions">
      <UniqueIdentifier>{47c0943a-849a-43dd-bdcd-ea02d329652c}</UniqueIdentifier>
    </Filter>
    <Filter Include="Factories">
      <UniqueIdentifier>{7519b3c1-6d8a-4f46-bd69-b4ec6ae34f2b}</UniqueIdentifier>
    </Filter>
    <Filter Include="Logging">
      <UniqueIdentifier>{56a83b77-adff-48d5-af79-4ae0602bd098}</UniqueIdentifier>
    </Filter>
    <Filter Include="Outputs">
      <UniqueIdentifier>{0ba09e7a-ddb4-4590-912b-b783e2c35078}</UniqueIdentifier>
    </Filter>
    <Filter Include="ScriptReader">
      <UniqueIdentifier>{96d802f4-e6d2-4a8d-9e05-f069f852514b}</UniqueIdentifier>
    </Filter>
    <Filter Include="Exceptions\include">
      <UniqueIdentifier>{a9a824a9-b27f-4425-ad8b-c65a66d53510}</UniqueIdentifier>
    </Filter>
    <Filter Include="Exceptions\source">
      <UniqueIdentifier>{d2dd153b-38a2-4dcd-8f1c-86347685d1f1}</UniqueIdentifier>
    </Filter>
    <Filter Include="Core\source">
      <UniqueIdentifier>{9a4b0c2c-e025-453d-9aaf-94f59a7b2240}</UniqueIdentifier>
    </Filter>
    <Filter Include="Factories\include">
      <UniqueIdentifier>{2187cd02-1ce5-410b-986d-cb301bda5019}</UniqueIdentifier>
    </Filter>
    <Filter Include="Factories\source">
      <UniqueIdentifier>{3a5f1f21-0575-4d3d-9cc4-291df6752c3c}</UniqueIdentifier>
    </Filter>
    <Filter Include="Logging\include">
      <UniqueIdentifier>{c0493920-ca14-4400-a072-f04966a5be66}</UniqueIdentifier>
    </Filter>
    <Filter Include="Logging\source">
      <UniqueIdentifier>{7a22c3bf-c0fc-4e8e-9526-ad1cea023c25}</UniqueIdentifier>
    </Filter>
    <Filter Include="ScriptReader\include">
      <UniqueIdentifier>{f34679bd-dd13-418a-91b2-729a982d528f}</UniqueIdentifier>
    </Filter>
    <Filter Include="ScriptReader\source">
      <UniqueIdentifier>{579a8dcc-e658-4c8c-b8e9-27c2ad657886}</UniqueIdentifier>
    </Filter>
    <Filter Include="Outputs\include">
      <UniqueIdentifier>{74bdda2e-a130-4ac9-8f2a-895f17654597}</UniqueIdentifier>
    </Filter>
    <Filter Include="Outputs\source">
      <UniqueIdentifier>{5a02c9c8-8418-471b-a7cb-13db72795372}</UniqueIdentifier>
    </Filter>
    <Filter Include="Core\include">
      <UniqueIdentifier>{eba5a6fe-4d4f-451d-bc7d-0321e6111038}</UniqueIdentifier>
    </Filter>
    <Filter Include="Dlls">
      <UniqueIdentifier>{4e38da0f-34ca-4089-ae8e-69a3d1e0c7bb}</UniqueIdentifier>
    </Filter>
    <Filter Include="Dlls\include">
      <UniqueIdentifier>{9903d07e-c466-4c90-bcf4-5f29b9216606}</UniqueIdentifier>
    </Filter>
    <Filter Include="Dlls\source">
      <UniqueIdentifier>{f2f53e95-0e47-468d-b95b-5302a468dc0c}</UniqueIdentifier>
    </Filter>
  </ItemGroup>
  <ItemGroup>
    <None Include="Win\app.ico">
      <Filter>Win</Filter>
    </None>
  </ItemGroup>
  <ItemGroup>
    <ResourceCompile Include="Win\app.rc">
      <Filter>Win</Filter>
    </ResourceCompile>
  </ItemGroup>
  <ItemGroup>
    <ClCompile Include="Win\AssemblyInfo.cpp">
      <Filter>Win</Filter>
    </ClCompile>
    <ClCompile Include="Core\source\CppTestAssert.cpp">
      <Filter>Core\source</Filter>
    </ClCompile>
    <ClCompile Include="Core\source\CppTestCase.cpp">
      <Filter>Core\source</Filter>
    </ClCompile>
    <ClCompile Include="Core\source\CppTestCompareFunctions.cpp">
      <Filter>Core\source</Filter>
    </ClCompile>
    <ClCompile Include="Core\source\CppTestEngine.cpp">
      <Filter>Core\source</Filter>
    </ClCompile>
    <ClCompile Include="Core\source\CppTestFixture.cpp">
      <Filter>Core\source</Filter>
    </ClCompile>
    <ClCompile Include="Core\source\CppTestInfoObject.cpp">
      <Filter>Core\source</Filter>
    </ClCompile>
    <ClCompile Include="Exceptions\source\CppTestScriptException.cpp">
      <Filter>Exceptions\source</Filter>
    </ClCompile>
    <ClCompile Include="ScriptReader\source\CppTestFileScriptReader.cpp">
      <Filter>ScriptReader\source</Filter>
    </ClCompile>
    <ClCompile Include="Factories\source\CppTestLogFactory.cpp">
      <Filter>Factories\source</Filter>
    </ClCompile>
    <ClCompile Include="Factories\source\CppTestLogInitialiserFactory.cpp">
      <Filter>Factories\source</Filter>
    </ClCompile>
    <ClCompile Include="Factories\source\CppTestLogOutputFactory.cpp">
      <Filter>Factories\source</Filter>
    </ClCompile>
    <ClCompile Include="Outputs\source\CppTestConsoleOutput.cpp">
      <Filter>Outputs\source</Filter>
    </ClCompile>
    <ClCompile Include="Outputs\source\CppTestFileOutput.cpp">
      <Filter>Outputs\source</Filter>
    </ClCompile>
    <ClCompile Include="Outputs\source\CppTestOdbcOutput.cpp">
      <Filter>Outputs\source</Filter>
    </ClCompile>
    <ClCompile Include="Logging\source\CppTestBuildColumnInfoString.cpp">
      <Filter>Logging\source</Filter>
    </ClCompile>
    <ClCompile Include="Logging\source\CppTestBuildColumnValueString.cpp">
      <Filter>Logging\source</Filter>
    </ClCompile>
    <ClCompile Include="Logging\source\CppTestBuildConsoleSummaryString.cpp">
      <Filter>Logging\source</Filter>
    </ClCompile>
    <ClCompile Include="Logging\source\CppTestBuildSummaryColumnValueString.cpp">
      <Filter>Logging\source</Filter>
    </ClCompile>
    <ClCompile Include="Logging\source\CppTestBuildTestCaseColumnValueString.cpp">
      <Filter>Logging\source</Filter>
    </ClCompile>
    <ClCompile Include="Logging\source\CppTestColumnBuilder.cpp">
      <Filter>Logging\source</Filter>
    </ClCompile>
    <ClCompile Include="Logging\source\CppTestIniLogInitialiser.cpp">
      <Filter>Logging\source</Filter>
    </ClCompile>
    <ClCompile Include="Logging\source\CppTestSimpleLog.cpp">
      <Filter>Logging\source</Filter>
    </ClCompile>
    <ClCompile Include="Logging\source\CppTestSqlBuilder.cpp">
      <Filter>Logging\source</Filter>
    </ClCompile>
    <ClCompile Include="Logging\source\CppTestSqlLog.cpp">
      <Filter>Logging\source</Filter>
    </ClCompile>
    <ClCompile Include="Logging\source\CppTestLog.cpp">
      <Filter>Logging\source</Filter>
    </ClCompile>
    <ClCompile Include="Logging\source\CppTestLogEngine.cpp">
      <Filter>Logging\source</Filter>
    </ClCompile>
    <ClCompile Include="Core\source\CppTestCaseHolder.cpp">
      <Filter>Core\source</Filter>
    </ClCompile>
    <ClCompile Include="Core\source\dllmain.cpp">
      <Filter>Core\source</Filter>
    </ClCompile>
    <ClCompile Include="include\ICppTestFixtureTestCaseNames.h">
      <Filter>include</Filter>
    </ClCompile>
    <ClCompile Include="Core\source\CppTestFixtureTestCaseNames.cpp">
      <Filter>Core\source</Filter>
    </ClCompile>
    <ClCompile Include="Core\source\CppTestFixtureInfoObject.cpp">
      <Filter>Core\source</Filter>
    </ClCompile>
    <ClCompile Include="Core\source\CppTestListBuilder.cpp">
      <Filter>Core\source</Filter>
    </ClCompile>
    <ClCompile Include="Core\source\CppTestCaseCounter.cpp">
      <Filter>Core\source</Filter>
    </ClCompile>
    <ClCompile Include="Core\source\CppTestRunSummary.cpp">
      <Filter>Core\source</Filter>
    </ClCompile>
    <ClCompile Include="Dlls\source\CppTestDllManager.cpp">
      <Filter>Dlls\source</Filter>
    </ClCompile>
  </ItemGroup>
  <ItemGroup>
    <ClInclude Include="Win\resource.h">
      <Filter>Win</Filter>
    </ClInclude>
    <ClInclude Include="include\CppTestAsserts.h">
      <Filter>include</Filter>
    </ClInclude>
    <ClInclude Include="include\CppTestCase.h">
      <Filter>include</Filter>
    </ClInclude>
    <ClInclude Include="include\CppTestCompareFunctions.h">
      <Filter>include</Filter>
    </ClInclude>
    <ClInclude Include="include\CppTestEngine.h">
      <Filter>include</Filter>
    </ClInclude>
    <ClInclude Include="include\CppTestFixture.h">
      <Filter>include</Filter>
    </ClInclude>
    <ClInclude Include="include\CppTestInfoObject.h">
      <Filter>include</Filter>
    </ClInclude>
    <ClInclude Include="include\CppTestMacros.h">
      <Filter>include</Filter>
    </ClInclude>
    <ClInclude Include="ScriptReader\include\CppTestFileScriptReader.h">
      <Filter>ScriptReader\include</Filter>
    </ClInclude>
    <ClInclude Include="ScriptReader\include\ICppTestScriptReader.h">
      <Filter>ScriptReader\include</Filter>
    </ClInclude>
    <ClInclude Include="Factories\include\CppTestLogFactory.h">
      <Filter>Factories\include</Filter>
    </ClInclude>
    <ClInclude Include="Factories\include\CppTestLogInitialiserFactory.h">
      <Filter>Factories\include</Filter>
    </ClInclude>
    <ClInclude Include="Factories\include\CppTestLogOutputFactory.h">
      <Filter>Factories\include</Filter>
    </ClInclude>
    <ClInclude Include="Outputs\include\CppTestConsoleOutput.h">
      <Filter>Outputs\include</Filter>
    </ClInclude>
    <ClInclude Include="Outputs\include\CppTestFileOutput.h">
      <Filter>Outputs\include</Filter>
    </ClInclude>
    <ClInclude Include="Outputs\include\ICppTestLogOutput.h">
      <Filter>Outputs\include</Filter>
    </ClInclude>
    <ClInclude Include="Outputs\include\CppTestOdbcOutput.h">
      <Filter>Outputs\include</Filter>
    </ClInclude>
    <ClInclude Include="Logging\include\CppTestBuildColumnInfoString.h">
      <Filter>Logging\include</Filter>
    </ClInclude>
    <ClInclude Include="Logging\include\CppTestBuildColumnValueString.h">
      <Filter>Logging\include</Filter>
    </ClInclude>
    <ClInclude Include="Logging\include\CppTestBuildConsoleSummaryString.h">
      <Filter>Logging\include</Filter>
    </ClInclude>
    <ClInclude Include="Logging\include\CppTestBuildSummaryColumnValueString.h">
      <Filter>Logging\include</Filter>
    </ClInclude>
    <ClInclude Include="Logging\include\CppTestBuildTestCaseColumnValueString.h">
      <Filter>Logging\include</Filter>
    </ClInclude>
    <ClInclude Include="Logging\include\CppTestColumnBuilder.h">
      <Filter>Logging\include</Filter>
    </ClInclude>
    <ClInclude Include="Logging\include\CppTestFieldPair.h">
      <Filter>Logging\include</Filter>
    </ClInclude>
    <ClInclude Include="Logging\include\ICppTestLogInitialiser.h">
      <Filter>Logging\include</Filter>
    </ClInclude>
    <ClInclude Include="Logging\include\CppTestSimpleLog.h">
      <Filter>Logging\include</Filter>
    </ClInclude>
    <ClInclude Include="Logging\include\CppTestSqlBuilder.h">
      <Filter>Logging\include</Filter>
    </ClInclude>
    <ClInclude Include="Logging\include\CppTestSqlLog.h">
      <Filter>Logging\include</Filter>
    </ClInclude>
    <ClInclude Include="Logging\include\CppTestLog.h">
      <Filter>Logging\include</Filter>
    </ClInclude>
    <ClInclude Include="Logging\include\CppTestIniLogInitialiser.h">
      <Filter>Logging\include</Filter>
    </ClInclude>
    <ClInclude Include="include\CppTestLogEngine.h">
      <Filter>include</Filter>
    </ClInclude>
    <ClInclude Include="include\CppTestScriptException.h">
      <Filter>include</Filter>
    </ClInclude>
    <ClInclude Include="include\ICppTestFixture.h">
      <Filter>include</Filter>
    </ClInclude>
    <ClInclude Include="include\ICppTestCase.h">
      <Filter>include</Filter>
    </ClInclude>
    <ClInclude Include="include\ICppTestCaseArgument.h">
      <Filter>include</Filter>
    </ClInclude>
    <ClInclude Include="include\ICppTestCaseHolder.h">
      <Filter>include</Filter>
    </ClInclude>
    <ClInclude Include="include\CppTestCaseHolder.h">
      <Filter>include</Filter>
    </ClInclude>
    <ClInclude Include="include\ICppTestLog.h">
      <Filter>include</Filter>
    </ClInclude>
    <ClInclude Include="include\ICppTestLogOutput.h">
      <Filter>include</Filter>
    </ClInclude>
    <ClInclude Include="include\CppTestFixtureTestCaseNames.h">
      <Filter>include</Filter>
    </ClInclude>
    <ClInclude Include="Core\include\CppTestFixtureInfoObject.h">
      <Filter>Core\include</Filter>
    </ClInclude>
    <ClInclude Include="include\ICppTestListBuilder.h">
      <Filter>include</Filter>
    </ClInclude>
    <ClInclude Include="include\CppTestListBuilder.h">
      <Filter>include</Filter>
    </ClInclude>
    <ClInclude Include="include\ICppTestFixtureInfoObject.h">
      <Filter>include</Filter>
    </ClInclude>
    <ClInclude Include="include\CppTestDefines.h">
      <Filter>include</Filter>
    </ClInclude>
    <ClInclude Include="include\ICppTestRunSummary.h">
      <Filter>include</Filter>
    </ClInclude>
    <ClInclude Include="Core\include\CppTestCaseCounter.h">
      <Filter>Core\include</Filter>
    </ClInclude>
    <ClInclude Include="Core\include\CppTestRunSummary.h">
      <Filter>Core\include</Filter>
    </ClInclude>
    <ClInclude Include="include\ICppTestDllManager.h">
      <Filter>include</Filter>
    </ClInclude>
    <ClInclude Include="Dlls\include\CppTestDllManager.h">
      <Filter>Dlls\include</Filter>
    </ClInclude>
  </ItemGroup>
</Project>