<?xml version="1.0" encoding="utf-8"?>
<Project ToolsVersion="4.0" xmlns="http://schemas.microsoft.com/developer/msbuild/2003">
  <ItemGroup>
    <Filter Include="include">
      <UniqueIdentifier>{f4b7b25a-1806-4706-bb05-e9bf686619f4}</UniqueIdentifier>
    </Filter>
    <Filter Include="Win">
      <UniqueIdentifier>{f16ea2a6-fb06-459c-8b56-90f3c9be8d3b}</UniqueIdentifier>
    </Filter>
    <Filter Include="Core">
      <UniqueIdentifier>{573cad6b-a142-4b85-965e-dc90bbb6ccbb}</UniqueIdentifier>
    </Filter>
    <Filter Include="Exceptions">
      <UniqueIdentifier>{47c0943a-849a-43dd-bdcd-ea02d329652c}</UniqueIdentifier>
    </Filter>
    <Filter Include="Factories">
      <UniqueIdentifier>{7519b3c1-6d8a-4f46-bd69-b4ec6ae34f2b}</UniqueIdentifier>
    </Filter>
    <Filter Include="Logging">
      <UniqueIdentifier>{56a83b77-adff-48d5-af79-4ae0602bd098}</UniqueIdentifier>
    </Filter>
    <Filter Include="Outputs">
      <UniqueIdentifier>{0ba09e7a-ddb4-4590-912b-b783e2c35078}</UniqueIdentifier>
    </Filter>
    <Filter Include="ScriptReader">
      <UniqueIdentifier>{96d802f4-e6d2-4a8d-9e05-f069f852514b}</UniqueIdentifier>
    </Filter>
    <Filter Include="Exceptions\include">
      <UniqueIdentifier>{a9a824a9-b27f-4425-ad8b-c65a66d53510}</UniqueIdentifier>
    </Filter>
    <Filter Include="Exceptions\source">
      <UniqueIdentifier>{d2dd153b-38a2-4dcd-8f1c-86347685d1f1}</UniqueIdentifier>
    </Filter>
    <Filter Include="Core\source">
      <UniqueIdentifier>{9a4b0c2c-e025-453d-9aaf-94f59a7b2240}</UniqueIdentifier>
    </Filter>
    <Filter Include="Factories\include">
      <UniqueIdentifier>{2187cd02-1ce5-410b-986d-cb301bda5019}</UniqueIdentifier>
    </Filter>
    <Filter Include="Factories\source">
      <UniqueIdentifier>{3a5f1f21-0575-4d3d-9cc4-291df6752c3c}</UniqueIdentifier>
    </Filter>
    <Filter Include="Logging\include">
      <UniqueIdentifier>{c0493920-ca14-4400-a072-f04966a5be66}</UniqueIdentifier>
    </Filter>
    <Filter Include="Logging\source">
      <UniqueIdentifier>{7a22c3bf-c0fc-4e8e-9526-ad1cea023c25}</UniqueIdentifier>
    </Filter>
    <Filter Include="ScriptReader\include">
      <UniqueIdentifier>{f34679bd-dd13-418a-91b2-729a982d528f}</UniqueIdentifier>
    </Filter>
    <Filter Include="ScriptReader\source">
      <UniqueIdentifier>{579a8dcc-e658-4c8c-b8e9-27c2ad657886}</UniqueIdentifier>
    </Filter>
    <Filter Include="Outputs\include">
      <UniqueIdentifier>{74bdda2e-a130-4ac9-8f2a-895f17654597}</UniqueIdentifier>
    </Filter>
    <Filter Include="Outputs\source">
      <UniqueIdentifier>{5a02c9c8-8418-471b-a7cb-13db72795372}</UniqueIdentifier>
    </Filter>
    <Filter Include="Core\include">
      <UniqueIdentifier>{eba5a6fe-4d4f-451d-bc7d-0321e6111038}</UniqueIdentifier>
    </Filter>
    <Filter Include="Dlls">
      <UniqueIdentifier>{4e38da0f-34ca-4089-ae8e-69a3d1e0c7bb}</UniqueIdentifier>
    </Filter>
    <Filter Include="Dlls\include">
      <UniqueIdentifier>{9903d07e-c466-4c90-bcf4-5f29b9216606}</UniqueIdentifier>
    </Filter>
    <Filter Include="Dlls\source">
      <UniqueIdentifier>{f2f53e95-0e47-468d-b95b-5302a468dc0c}</UniqueIdentifier>
    </Filter>
  </ItemGroup>
  <ItemGroup>
    <None Include="Win\app.ico">
      <Filter>Win</Filter>
    </None>
  </ItemGroup>
  <ItemGroup>
    <ResourceCompile Include="Win\app.rc">
      <Filter>Win</Filter>
    </ResourceCompile>
  </ItemGroup>
  <ItemGroup>
    <ClCompile Include="Win\AssemblyInfo.cpp">
      <Filter>Win</Filter>
    </ClCompile>
    <ClCompile Include="Core\source\MrTestEngineImplementation.cpp">
      <Filter>Core\source</Filter>
    </ClCompile>
    <ClCompile Include="ScriptReader\source\MrTestScriptReaderBase.cpp">
      <Filter>ScriptReader\source</Filter>
    </ClCompile>
    <ClCompile Include="ScriptReader\source\MrTestCommandLineReader.cpp">
      <Filter>ScriptReader\source</Filter>
    </ClCompile>
    <ClCompile Include="ScriptReader\source\MrTestVectorLineReader.cpp">
      <Filter>ScriptReader\source</Filter>
    </ClCompile>
    <ClCompile Include="Core\source\MrTestListBuilderFactory.cpp">
      <Filter>Core\source</Filter>
    </ClCompile>
    <ClCompile Include="Core\source\MrTestVectorTestCaseNamesReader.cpp">
      <Filter>Core\source</Filter>
    </ClCompile>
    <ClCompile Include="Core\source\MrTestParamParser.cpp">
      <Filter>Core\source</Filter>
    </ClCompile>
    <ClCompile Include="Core\source\MrTestWinFaultHandler.cpp">
      <Filter>Core\source</Filter>
    </ClCompile>
    <ClCompile Include="Exceptions\source\MrTestAssertException.cpp">
      <Filter>Exceptions\source</Filter>
    </ClCompile>
    <ClCompile Include="Core\source\MrTestAssert.cpp">
      <Filter>Core\source</Filter>
    </ClCompile>
    <ClCompile Include="Core\source\MrTestCase.cpp">
      <Filter>Core\source</Filter>
    </ClCompile>
    <ClCompile Include="Core\source\MrTestCaseCounter.cpp">
      <Filter>Core\source</Filter>
    </ClCompile>
    <ClCompile Include="Core\source\MrTestCaseHolder.cpp">
      <Filter>Core\source</Filter>
    </ClCompile>
    <ClCompile Include="Core\source\MrTestCompareFunctions.cpp">
      <Filter>Core\source</Filter>
    </ClCompile>
    <ClCompile Include="Core\source\MrTestEngine.cpp">
      <Filter>Core\source</Filter>
    </ClCompile>
    <ClCompile Include="Core\source\MrTestFixture.cpp">
      <Filter>Core\source</Filter>
    </ClCompile>
    <ClCompile Include="Core\source\MrTestFixtureInfoObject.cpp">
      <Filter>Core\source</Filter>
    </ClCompile>
    <ClCompile Include="Core\source\MrTestFixtureTestCaseNames.cpp">
      <Filter>Core\source</Filter>
    </ClCompile>
    <ClCompile Include="Core\source\MrTestInfoObject.cpp">
      <Filter>Core\source</Filter>
    </ClCompile>
    <ClCompile Include="Core\source\MrTestListBuilder.cpp">
      <Filter>Core\source</Filter>
    </ClCompile>
    <ClCompile Include="Core\source\MrTestRunSummary.cpp">
      <Filter>Core\source</Filter>
    </ClCompile>
    <ClCompile Include="include\IMrTestFixtureTestCaseNames.h">
      <Filter>include</Filter>
    </ClCompile>
    <ClCompile Include="Exceptions\source\MrTestScriptException.cpp">
      <Filter>Exceptions\source</Filter>
    </ClCompile>
    <ClCompile Include="Dlls\source\MrTestDllManager.cpp">
      <Filter>Dlls\source</Filter>
    </ClCompile>
    <ClCompile Include="Factories\source\MrTestLogFactory.cpp">
      <Filter>Factories\source</Filter>
    </ClCompile>
    <ClCompile Include="Factories\source\MrTestLogInitialiserFactory.cpp">
      <Filter>Factories\source</Filter>
    </ClCompile>
    <ClCompile Include="Factories\source\MrTestLogOutputFactory.cpp">
      <Filter>Factories\source</Filter>
    </ClCompile>
    <ClCompile Include="Outputs\source\MrTestConsoleOutput.cpp">
      <Filter>Outputs\source</Filter>
    </ClCompile>
    <ClCompile Include="Outputs\source\MrTestFileOutput.cpp">
      <Filter>Outputs\source</Filter>
    </ClCompile>
    <ClCompile Include="Outputs\source\MrTestOdbcOutput.cpp">
      <Filter>Outputs\source</Filter>
    </ClCompile>
    <ClCompile Include="ScriptReader\source\MrTestFileScriptReader.cpp">
      <Filter>ScriptReader\source</Filter>
    </ClCompile>
    <ClCompile Include="Logging\source\MrTestBuildColumnInfoString.cpp">
      <Filter>Logging\source</Filter>
    </ClCompile>
    <ClCompile Include="Logging\source\MrTestBuildColumnValueString.cpp">
      <Filter>Logging\source</Filter>
    </ClCompile>
    <ClCompile Include="Logging\source\MrTestBuildConsoleSummaryString.cpp">
      <Filter>Logging\source</Filter>
    </ClCompile>
    <ClCompile Include="Logging\source\MrTestBuildSummaryColumnValueString.cpp">
      <Filter>Logging\source</Filter>
    </ClCompile>
    <ClCompile Include="Logging\source\MrTestBuildTestCaseColumnValueString.cpp">
      <Filter>Logging\source</Filter>
    </ClCompile>
    <ClCompile Include="Logging\source\MrTestColumnBuilder.cpp">
      <Filter>Logging\source</Filter>
    </ClCompile>
    <ClCompile Include="Logging\source\MrTestIniLogInitialiser.cpp">
      <Filter>Logging\source</Filter>
    </ClCompile>
    <ClCompile Include="Logging\source\MrTestLog.cpp">
      <Filter>Logging\source</Filter>
    </ClCompile>
    <ClCompile Include="Logging\source\MrTestLogEngine.cpp">
      <Filter>Logging\source</Filter>
    </ClCompile>
    <ClCompile Include="Logging\source\MrTestSimpleLog.cpp">
      <Filter>Logging\source</Filter>
    </ClCompile>
    <ClCompile Include="Logging\source\MrTestSqlBuilder.cpp">
      <Filter>Logging\source</Filter>
    </ClCompile>
    <ClCompile Include="Logging\source\MrTestSqlLog.cpp">
      <Filter>Logging\source</Filter>
    </ClCompile>
  </ItemGroup>
  <ItemGroup>
    <ClInclude Include="Win\resource.h">
      <Filter>Win</Filter>
    </ClInclude>
    <ClInclude Include="include\MrTestTypes.h">
      <Filter>include</Filter>
    </ClInclude>
    <ClInclude Include="include\IMrTestEngineImplementation.h">
      <Filter>include</Filter>
    </ClInclude>
    <ClInclude Include="Core\include\MrTestEngineImplementation.h">
      <Filter>Core\include</Filter>
    </ClInclude>
    <ClInclude Include="ScriptReader\include\MrTestScriptReaderBase.h">
      <Filter>ScriptReader\include</Filter>
    </ClInclude>
    <ClInclude Include="ScriptReader\include\MrTestCommandLineReader.h">
      <Filter>ScriptReader\include</Filter>
    </ClInclude>
    <ClInclude Include="ScriptReader\include\MrTestVectorLineReader.h">
      <Filter>ScriptReader\include</Filter>
    </ClInclude>
    <ClInclude Include="include\MrTestListBuilderFactory.h">
      <Filter>include</Filter>
    </ClInclude>
    <ClInclude Include="Core\include\MrTestVectorTestCaseNamesReader.h">
      <Filter>Core\include</Filter>
    </ClInclude>
    <ClInclude Include="include\MrTestParamParser.h">
      <Filter>include</Filter>
    </ClInclude>
    <ClInclude Include="Core\include\MrTestWinFaultHandler.h">
      <Filter>Core\include</Filter>
    </ClInclude>
    <ClInclude Include="Core\include\MrTestSegfaultHandler.h">
      <Filter>Core\include</Filter>
    </ClInclude>
    <ClInclude Include="include\MrTestAssertException.h">
      <Filter>include</Filter>
    </ClInclude>
    <ClInclude Include="Core\include\MrTestCaseCounter.h">
      <Filter>Core\include</Filter>
    </ClInclude>
    <ClInclude Include="Core\include\MrTestFixtureInfoObject.h">
      <Filter>Core\include</Filter>
    </ClInclude>
    <ClInclude Include="Core\include\MrTestRunSummary.h">
      <Filter>Core\include</Filter>
    </ClInclude>
    <ClInclude Include="include\MrTestAsserts.h">
      <Filter>include</Filter>
    </ClInclude>
    <ClInclude Include="include\MrTestCase.h">
      <Filter>include</Filter>
    </ClInclude>
    <ClInclude Include="include\MrTestCaseHolder.h">
      <Filter>include</Filter>
    </ClInclude>
    <ClInclude Include="include\MrTestCompareFunctions.h">
      <Filter>include</Filter>
    </ClInclude>
    <ClInclude Include="include\MrTestDefines.h">
      <Filter>include</Filter>
    </ClInclude>
    <ClInclude Include="include\MrTestEngine.h">
      <Filter>include</Filter>
    </ClInclude>
    <ClInclude Include="include\MrTestFixture.h">
      <Filter>include</Filter>
    </ClInclude>
    <ClInclude Include="include\MrTestFixtureTestCaseNames.h">
      <Filter>include</Filter>
    </ClInclude>
    <ClInclude Include="include\MrTestInfoObject.h">
      <Filter>include</Filter>
    </ClInclude>
    <ClInclude Include="include\MrTestListBuilder.h">
      <Filter>include</Filter>
    </ClInclude>
    <ClInclude Include="include\MrTestLogEngine.h">
      <Filter>include</Filter>
    </ClInclude>
    <ClInclude Include="include\MrTestMacros.h">
      <Filter>include</Filter>
    </ClInclude>
    <ClInclude Include="include\MrTestScriptException.h">
      <Filter>include</Filter>
    </ClInclude>
    <ClInclude Include="include\IMrTestCase.h">
      <Filter>include</Filter>
    </ClInclude>
    <ClInclude Include="include\IMrTestCaseArgument.h">
      <Filter>include</Filter>
    </ClInclude>
    <ClInclude Include="include\IMrTestCaseHolder.h">
      <Filter>include</Filter>
    </ClInclude>
    <ClInclude Include="include\IMrTestDllManager.h">
      <Filter>include</Filter>
    </ClInclude>
    <ClInclude Include="include\IMrTestFixture.h">
      <Filter>include</Filter>
    </ClInclude>
    <ClInclude Include="include\IMrTestFixtureInfoObject.h">
      <Filter>include</Filter>
    </ClInclude>
    <ClInclude Include="include\IMrTestListBuilder.h">
      <Filter>include</Filter>
    </ClInclude>
    <ClInclude Include="include\IMrTestLog.h">
      <Filter>include</Filter>
    </ClInclude>
    <ClInclude Include="include\IMrTestLogOutput.h">
      <Filter>include</Filter>
    </ClInclude>
    <ClInclude Include="include\IMrTestRunSummary.h">
      <Filter>include</Filter>
    </ClInclude>
    <ClInclude Include="Dlls\include\MrTestDllManager.h">
      <Filter>Dlls\include</Filter>
    </ClInclude>
    <ClInclude Include="Factories\include\MrTestLogFactory.h">
      <Filter>Factories\include</Filter>
    </ClInclude>
    <ClInclude Include="Factories\include\MrTestLogInitialiserFactory.h">
      <Filter>Factories\include</Filter>
    </ClInclude>
    <ClInclude Include="Factories\include\MrTestLogOutputFactory.h">
      <Filter>Factories\include</Filter>
    </ClInclude>
    <ClInclude Include="Logging\include\MrTestBuildColumnInfoString.h">
      <Filter>Logging\include</Filter>
    </ClInclude>
    <ClInclude Include="Logging\include\MrTestBuildColumnValueString.h">
      <Filter>Logging\include</Filter>
    </ClInclude>
    <ClInclude Include="Logging\include\MrTestBuildConsoleSummaryString.h">
      <Filter>Logging\include</Filter>
    </ClInclude>
    <ClInclude Include="Logging\include\MrTestBuildSummaryColumnValueString.h">
      <Filter>Logging\include</Filter>
    </ClInclude>
    <ClInclude Include="Logging\include\MrTestBuildTestCaseColumnValueString.h">
      <Filter>Logging\include</Filter>
    </ClInclude>
    <ClInclude Include="Logging\include\MrTestColumnBuilder.h">
      <Filter>Logging\include</Filter>
    </ClInclude>
    <ClInclude Include="Logging\include\MrTestFieldPair.h">
      <Filter>Logging\include</Filter>
    </ClInclude>
    <ClInclude Include="Logging\include\MrTestIniLogInitialiser.h">
      <Filter>Logging\include</Filter>
    </ClInclude>
    <ClInclude Include="Logging\include\MrTestLog.h">
      <Filter>Logging\include</Filter>
    </ClInclude>
    <ClInclude Include="Logging\include\MrTestSimpleLog.h">
      <Filter>Logging\include</Filter>
    </ClInclude>
    <ClInclude Include="Logging\include\MrTestSqlBuilder.h">
      <Filter>Logging\include</Filter>
    </ClInclude>
    <ClInclude Include="Logging\include\MrTestSqlLog.h">
      <Filter>Logging\include</Filter>
    </ClInclude>
    <ClInclude Include="Logging\include\IMrTestLogInitialiser.h">
      <Filter>Logging\include</Filter>
    </ClInclude>
    <ClInclude Include="Outputs\include\MrTestConsoleOutput.h">
      <Filter>Outputs\include</Filter>
    </ClInclude>
    <ClInclude Include="Outputs\include\MrTestFileOutput.h">
      <Filter>Outputs\include</Filter>
    </ClInclude>
    <ClInclude Include="Outputs\include\MrTestOdbcOutput.h">
      <Filter>Outputs\include</Filter>
    </ClInclude>
    <ClInclude Include="ScriptReader\include\MrTestFileScriptReader.h">
      <Filter>ScriptReader\include</Filter>
    </ClInclude>
    <ClInclude Include="ScriptReader\include\IMrTestScriptReader.h">
      <Filter>ScriptReader\include</Filter>
    </ClInclude>
  </ItemGroup>
</Project>