<?xml version="1.0" encoding="utf-8"?>
<Project ToolsVersion="4.0" xmlns="http://schemas.microsoft.com/developer/msbuild/2003">
  <ItemGroup>
    <Filter Include="Source Files">
      <UniqueIdentifier>{4FC737F1-C7A5-4376-A066-2A32D752A2FF}</UniqueIdentifier>
      <Extensions>cpp;c;cc;cxx;def;odl;idl;hpj;bat;asm;asmx</Extensions>
    </Filter>
    <Filter Include="Source Files\exceptions">
      <UniqueIdentifier>{cdcfff26-44a2-4567-a59a-4895a7e9ad58}</UniqueIdentifier>
    </Filter>
    <Filter Include="Header Files">
      <UniqueIdentifier>{93995380-89BD-4b04-88EB-625FBE52EBFB}</UniqueIdentifier>
      <Extensions>h;hpp;hxx;hm;inl;inc;xsd</Extensions>
    </Filter>
    <Filter Include="Header Files\Exceptions">
      <UniqueIdentifier>{fab874cd-91ce-4c54-86b8-3e0233b2e81a}</UniqueIdentifier>
    </Filter>
    <Filter Include="makefiles">
      <UniqueIdentifier>{d209d715-a939-4c9a-9c06-0ede2ec3628c}</UniqueIdentifier>
    </Filter>
  </ItemGroup>
  <ItemGroup>
    <ClCompile Include="source\mr_singleton.cpp">
      <Filter>Source Files</Filter>
    </ClCompile>
    <ClCompile Include="source\mr_staticTimer.cpp">
      <Filter>Source Files</Filter>
    </ClCompile>
    <ClCompile Include="source\mr_string.cpp">
      <Filter>Source Files</Filter>
    </ClCompile>
    <ClCompile Include="source\mr_exception.cpp">
      <Filter>Source Files\exceptions</Filter>
    </ClCompile>
    <ClCompile Include="source\exceptions\mr_fileException.cpp">
      <Filter>Source Files\exceptions</Filter>
    </ClCompile>
    <ClCompile Include="source\exceptions\mr_pointerException.cpp">
      <Filter>Source Files\exceptions</Filter>
    </ClCompile>
  </ItemGroup>
  <ItemGroup>
    <ClInclude Include="include\mr_char.h">
      <Filter>Header Files</Filter>
    </ClInclude>
    <ClInclude Include="include\mr_defines.h">
      <Filter>Header Files</Filter>
    </ClInclude>
    <ClInclude Include="include\mr_doCompare.h">
      <Filter>Header Files</Filter>
    </ClInclude>
    <ClInclude Include="include\mr_fstream.h">
      <Filter>Header Files</Filter>
    </ClInclude>
    <ClInclude Include="include\mr_functors.h">
      <Filter>Header Files</Filter>
    </ClInclude>
    <ClInclude Include="include\mr_iostream.h">
      <Filter>Header Files</Filter>
    </ClInclude>
    <ClInclude Include="include\mr_SharedPtr.h">
      <Filter>Header Files</Filter>
    </ClInclude>
    <ClInclude Include="include\mr_singleton.h">
      <Filter>Header Files</Filter>
    </ClInclude>
    <ClInclude Include="include\mr_sstream.h">
      <Filter>Header Files</Filter>
    </ClInclude>
    <ClInclude Include="include\mr_staticTimer.h">
      <Filter>Header Files</Filter>
    </ClInclude>
    <ClInclude Include="include\mr_string.h">
      <Filter>Header Files</Filter>
    </ClInclude>
    <ClInclude Include="include\mr_toStream.h">
      <Filter>Header Files</Filter>
    </ClInclude>
    <ClInclude Include="include\mr_exception.h">
      <Filter>Header Files\Exceptions</Filter>
    </ClInclude>
    <ClInclude Include="include\mr_fileException.h">
      <Filter>Header Files\Exceptions</Filter>
    </ClInclude>
    <ClInclude Include="include\mr_pointerException.h">
      <Filter>Header Files\Exceptions</Filter>
    </ClInclude>
  </ItemGroup>
  <ItemGroup>
    <None Include="makefile">
      <Filter>makefiles</Filter>
    </None>
    <None Include="ReadMe.txt" />
  </ItemGroup>
</Project>