
Microsoft Visual Studio Solution File, Format Version 10.00
# Visual C++ Express 2008
Project("{8BC9CEB8-8B4A-11D0-8D11-00A0C91BC942}") = "Utils", "Utils.vcproj", "{4E73B269-3FEE-4063-9BCA-A7BBC5810071}"
EndProject
Global
	GlobalSection(SolutionConfigurationPlatforms) = preSolution
		Debug|Win32 = Debug|Win32
		Release|Win32 = Release|Win32
	EndGlobalSection
	GlobalSection(ProjectConfigurationPlatforms) = postSolution
		{4E73B269-3FEE-4063-9BCA-A7BBC5810071}.Debug|Win32.ActiveCfg = Debug|Win32
		{4E73B269-3FEE-4063-9BCA-A7BBC5810071}.Debug|Win32.Build.0 = Debug|Win32
		{4E73B269-3FEE-4063-9BCA-A7BBC5810071}.Release|Win32.ActiveCfg = Release|Win32
		{4E73B269-3FEE-4063-9BCA-A7BBC5810071}.Release|Win32.Build.0 = Release|Win32
	EndGlobalSection
	GlobalSection(SolutionProperties) = preSolution
		HideSolutionNode = FALSE
	EndGlobalSection
EndGlobal
